
Microsoft Visual Studio Solution File, Format Version 12.00
# Visual Studio Version 17
VisualStudioVersion = 17.8.34330.188
MinimumVisualStudioVersion = 10.0.40219.1
Project("{2150E333-8FDC-42A3-9474-1A3956D46DE8}") = "Solution Items", "Solution Items", "{52FCD584-14A6-4EAB-8897-29EF09849BA9}"
	ProjectSection(SolutionItems) = preProject
		.dockerignore = .dockerignore
		.editorconfig = .editorconfig
		.gitattributes = .gitattributes
		.gitignore = .gitignore
		CHANGELOG.md = CHANGELOG.md
		docker-compose.yml = docker-compose.yml
		LICENSE = LICENSE
		README.md = README.md
	EndProjectSection
EndProject
Project("{9A19103F-16F7-4668-BE54-9A1E7A4F7556}") = "PokeData.ETL", "src\PokeData.ETL\PokeData.ETL.csproj", "{FC44EF38-D8A6-4A84-84AB-7597501F54BF}"
EndProject
Project("{9A19103F-16F7-4668-BE54-9A1E7A4F7556}") = "PokeData.EntityFrameworkCore.Relational", "src\PokeData.EntityFrameworkCore.Relational\PokeData.EntityFrameworkCore.Relational.csproj", "{2F7CBF71-7E37-4539-A193-348BFC76AB06}"
EndProject
Project("{9A19103F-16F7-4668-BE54-9A1E7A4F7556}") = "PokeData.Domain", "src\PokeData.Domain\PokeData.Domain.csproj", "{ABD45B7D-7392-4829-B18B-20E4472F76F2}"
EndProject
Project("{9A19103F-16F7-4668-BE54-9A1E7A4F7556}") = "PokeData.Application", "src\PokeData.Application\PokeData.Application.csproj", "{A01D90FC-6A0B-4B81-B37F-8CA9F7C3EDC4}"
EndProject
Project("{9A19103F-16F7-4668-BE54-9A1E7A4F7556}") = "PokeData.Infrastructure", "src\PokeData.Infrastructure\PokeData.Infrastructure.csproj", "{F3366415-E934-4B9B-BAA5-9E6327DAD65D}"
EndProject
Project("{9A19103F-16F7-4668-BE54-9A1E7A4F7556}") = "PokeData.Infrastructure.PokeApiClient", "src\PokeData.Infrastructure.PokeApiClient\PokeData.Infrastructure.PokeApiClient.csproj", "{9D563A01-E981-47AB-9DC8-64E65BDE8949}"
EndProject
Project("{9A19103F-16F7-4668-BE54-9A1E7A4F7556}") = "PokeData.EntityFrameworkCore.SqlServer", "src\PokeData.EntityFrameworkCore.SqlServer\PokeData.EntityFrameworkCore.SqlServer.csproj", "{A97D552B-387E-4BB9-9D56-B6E1D950DE5B}"
EndProject
Project("{9A19103F-16F7-4668-BE54-9A1E7A4F7556}") = "PokeData", "src\PokeData\PokeData.csproj", "{1448F506-73E9-4664-A419-002B79A8C276}"
EndProject
Project("{9A19103F-16F7-4668-BE54-9A1E7A4F7556}") = "PokeData.Contracts", "src\PokeData.Contracts\PokeData.Contracts.csproj", "{6F2213F6-F202-4C6E-B5DA-5957213C917E}"
EndProject
Global
	GlobalSection(SolutionConfigurationPlatforms) = preSolution
		Debug|Any CPU = Debug|Any CPU
		Release|Any CPU = Release|Any CPU
	EndGlobalSection
	GlobalSection(ProjectConfigurationPlatforms) = postSolution
		{FC44EF38-D8A6-4A84-84AB-7597501F54BF}.Debug|Any CPU.ActiveCfg = Debug|Any CPU
		{FC44EF38-D8A6-4A84-84AB-7597501F54BF}.Debug|Any CPU.Build.0 = Debug|Any CPU
		{FC44EF38-D8A6-4A84-84AB-7597501F54BF}.Release|Any CPU.ActiveCfg = Release|Any CPU
		{FC44EF38-D8A6-4A84-84AB-7597501F54BF}.Release|Any CPU.Build.0 = Release|Any CPU
		{2F7CBF71-7E37-4539-A193-348BFC76AB06}.Debug|Any CPU.ActiveCfg = Debug|Any CPU
		{2F7CBF71-7E37-4539-A193-348BFC76AB06}.Debug|Any CPU.Build.0 = Debug|Any CPU
		{2F7CBF71-7E37-4539-A193-348BFC76AB06}.Release|Any CPU.ActiveCfg = Release|Any CPU
		{2F7CBF71-7E37-4539-A193-348BFC76AB06}.Release|Any CPU.Build.0 = Release|Any CPU
		{ABD45B7D-7392-4829-B18B-20E4472F76F2}.Debug|Any CPU.ActiveCfg = Debug|Any CPU
		{ABD45B7D-7392-4829-B18B-20E4472F76F2}.Debug|Any CPU.Build.0 = Debug|Any CPU
		{ABD45B7D-7392-4829-B18B-20E4472F76F2}.Release|Any CPU.ActiveCfg = Release|Any CPU
		{ABD45B7D-7392-4829-B18B-20E4472F76F2}.Release|Any CPU.Build.0 = Release|Any CPU
		{A01D90FC-6A0B-4B81-B37F-8CA9F7C3EDC4}.Debug|Any CPU.ActiveCfg = Debug|Any CPU
		{A01D90FC-6A0B-4B81-B37F-8CA9F7C3EDC4}.Debug|Any CPU.Build.0 = Debug|Any CPU
		{A01D90FC-6A0B-4B81-B37F-8CA9F7C3EDC4}.Release|Any CPU.ActiveCfg = Release|Any CPU
		{A01D90FC-6A0B-4B81-B37F-8CA9F7C3EDC4}.Release|Any CPU.Build.0 = Release|Any CPU
		{F3366415-E934-4B9B-BAA5-9E6327DAD65D}.Debug|Any CPU.ActiveCfg = Debug|Any CPU
		{F3366415-E934-4B9B-BAA5-9E6327DAD65D}.Debug|Any CPU.Build.0 = Debug|Any CPU
		{F3366415-E934-4B9B-BAA5-9E6327DAD65D}.Release|Any CPU.ActiveCfg = Release|Any CPU
		{F3366415-E934-4B9B-BAA5-9E6327DAD65D}.Release|Any CPU.Build.0 = Release|Any CPU
		{9D563A01-E981-47AB-9DC8-64E65BDE8949}.Debug|Any CPU.ActiveCfg = Debug|Any CPU
		{9D563A01-E981-47AB-9DC8-64E65BDE8949}.Debug|Any CPU.Build.0 = Debug|Any CPU
		{9D563A01-E981-47AB-9DC8-64E65BDE8949}.Release|Any CPU.ActiveCfg = Release|Any CPU
		{9D563A01-E981-47AB-9DC8-64E65BDE8949}.Release|Any CPU.Build.0 = Release|Any CPU
		{A97D552B-387E-4BB9-9D56-B6E1D950DE5B}.Debug|Any CPU.ActiveCfg = Debug|Any CPU
		{A97D552B-387E-4BB9-9D56-B6E1D950DE5B}.Debug|Any CPU.Build.0 = Debug|Any CPU
		{A97D552B-387E-4BB9-9D56-B6E1D950DE5B}.Release|Any CPU.ActiveCfg = Release|Any CPU
		{A97D552B-387E-4BB9-9D56-B6E1D950DE5B}.Release|Any CPU.Build.0 = Release|Any CPU
		{1448F506-73E9-4664-A419-002B79A8C276}.Debug|Any CPU.ActiveCfg = Debug|Any CPU
		{1448F506-73E9-4664-A419-002B79A8C276}.Debug|Any CPU.Build.0 = Debug|Any CPU
		{1448F506-73E9-4664-A419-002B79A8C276}.Release|Any CPU.ActiveCfg = Release|Any CPU
		{1448F506-73E9-4664-A419-002B79A8C276}.Release|Any CPU.Build.0 = Release|Any CPU
		{6F2213F6-F202-4C6E-B5DA-5957213C917E}.Debug|Any CPU.ActiveCfg = Debug|Any CPU
		{6F2213F6-F202-4C6E-B5DA-5957213C917E}.Debug|Any CPU.Build.0 = Debug|Any CPU
		{6F2213F6-F202-4C6E-B5DA-5957213C917E}.Release|Any CPU.ActiveCfg = Release|Any CPU
		{6F2213F6-F202-4C6E-B5DA-5957213C917E}.Release|Any CPU.Build.0 = Release|Any CPU
	EndGlobalSection
	GlobalSection(SolutionProperties) = preSolution
		HideSolutionNode = FALSE
	EndGlobalSection
	GlobalSection(ExtensibilityGlobals) = postSolution
		SolutionGuid = {AE600868-6420-4204-8CA6-35B3E1C0CEC9}
	EndGlobalSection
EndGlobal
